
Microsoft Visual Studio Solution File, Format Version 12.00
# Visual Studio Version 17
VisualStudioVersion = 17.4.33213.308
MinimumVisualStudioVersion = 10.0.40219.1
Project("{FAE04EC0-301F-11D3-BF4B-00C04F79EFBC}") = "Spreadsheet_Yeesa_Kee", "Spreadsheet_Yeesa_Kee\Spreadsheet_Yeesa_Kee.csproj", "{7D3C8FAC-6BFB-4F5E-A908-872DB5FC9BF6}"
EndProject
Project("{FAE04EC0-301F-11D3-BF4B-00C04F79EFBC}") = "SpreadsheetEngine", "SpreadsheetEngine\SpreadsheetEngine.csproj", "{39B1D150-1974-4BBE-901A-B81BAD65E197}"
EndProject
Project("{9A19103F-16F7-4668-BE54-9A1E7A4F7556}") = "SpreadsheetEngineTests", "SpreadSheetEngineTests\SpreadsheetEngineTests.csproj", "{4D048327-BDA4-4715-AA37-6B3DE8840464}"
EndProject
Project("{FAE04EC0-301F-11D3-BF4B-00C04F79EFBC}") = "ExpressionTreeTests", "ExpressionTreeTests\ExpressionTreeTests.csproj", "{2E72D1D9-D987-4D44-8AFD-35B88F641F00}"
EndProject
Project("{FAE04EC0-301F-11D3-BF4B-00C04F79EFBC}") = "ExpressionTreeDemo", "ExpressionTreeDemo\ExpressionTreeDemo.csproj", "{A008B72A-5E97-47C0-A25C-10985BE2678C}"
EndProject
Global
	GlobalSection(SolutionConfigurationPlatforms) = preSolution
		Debug|Any CPU = Debug|Any CPU
		Release|Any CPU = Release|Any CPU
	EndGlobalSection
	GlobalSection(ProjectConfigurationPlatforms) = postSolution
		{7D3C8FAC-6BFB-4F5E-A908-872DB5FC9BF6}.Debug|Any CPU.ActiveCfg = Debug|Any CPU
		{7D3C8FAC-6BFB-4F5E-A908-872DB5FC9BF6}.Debug|Any CPU.Build.0 = Debug|Any CPU
		{7D3C8FAC-6BFB-4F5E-A908-872DB5FC9BF6}.Release|Any CPU.ActiveCfg = Release|Any CPU
		{7D3C8FAC-6BFB-4F5E-A908-872DB5FC9BF6}.Release|Any CPU.Build.0 = Release|Any CPU
		{39B1D150-1974-4BBE-901A-B81BAD65E197}.Debug|Any CPU.ActiveCfg = Debug|Any CPU
		{39B1D150-1974-4BBE-901A-B81BAD65E197}.Debug|Any CPU.Build.0 = Debug|Any CPU
		{39B1D150-1974-4BBE-901A-B81BAD65E197}.Release|Any CPU.ActiveCfg = Release|Any CPU
		{39B1D150-1974-4BBE-901A-B81BAD65E197}.Release|Any CPU.Build.0 = Release|Any CPU
		{4D048327-BDA4-4715-AA37-6B3DE8840464}.Debug|Any CPU.ActiveCfg = Debug|Any CPU
		{4D048327-BDA4-4715-AA37-6B3DE8840464}.Debug|Any CPU.Build.0 = Debug|Any CPU
		{4D048327-BDA4-4715-AA37-6B3DE8840464}.Release|Any CPU.ActiveCfg = Release|Any CPU
		{4D048327-BDA4-4715-AA37-6B3DE8840464}.Release|Any CPU.Build.0 = Release|Any CPU
		{2E72D1D9-D987-4D44-8AFD-35B88F641F00}.Debug|Any CPU.ActiveCfg = Debug|Any CPU
		{2E72D1D9-D987-4D44-8AFD-35B88F641F00}.Debug|Any CPU.Build.0 = Debug|Any CPU
		{2E72D1D9-D987-4D44-8AFD-35B88F641F00}.Release|Any CPU.ActiveCfg = Release|Any CPU
		{2E72D1D9-D987-4D44-8AFD-35B88F641F00}.Release|Any CPU.Build.0 = Release|Any CPU
		{A008B72A-5E97-47C0-A25C-10985BE2678C}.Debug|Any CPU.ActiveCfg = Debug|Any CPU
		{A008B72A-5E97-47C0-A25C-10985BE2678C}.Debug|Any CPU.Build.0 = Debug|Any CPU
		{A008B72A-5E97-47C0-A25C-10985BE2678C}.Release|Any CPU.ActiveCfg = Release|Any CPU
		{A008B72A-5E97-47C0-A25C-10985BE2678C}.Release|Any CPU.Build.0 = Release|Any CPU
	EndGlobalSection
	GlobalSection(SolutionProperties) = preSolution
		HideSolutionNode = FALSE
	EndGlobalSection
	GlobalSection(ExtensibilityGlobals) = postSolution
		SolutionGuid = {E2562038-589C-40AD-AAF0-DA5B3FB472E1}
	EndGlobalSection
EndGlobal
